
Microsoft Visual Studio Solution File, Format Version 12.00
# Visual Studio Version 17
VisualStudioVersion = 17.8.34511.84
MinimumVisualStudioVersion = 10.0.40219.1
Project("{FAE04EC0-301F-11D3-BF4B-00C04F79EFBC}") = "ConsoleApp1", "ConsoleApp1\ConsoleApp1.csproj", "{DCEDD2C7-A637-4A61-97A1-9ED5F241CB52}"
EndProject
Global
	GlobalSection(SolutionConfigurationPlatforms) = preSolution
		Debug|Any CPU = Debug|Any CPU
		Release|Any CPU = Release|Any CPU
	EndGlobalSection
	GlobalSection(ProjectConfigurationPlatforms) = postSolution
		{DCEDD2C7-A637-4A61-97A1-9ED5F241CB52}.Debug|Any CPU.ActiveCfg = Debug|Any CPU
		{DCEDD2C7-A637-4A61-97A1-9ED5F241CB52}.Debug|Any CPU.Build.0 = Debug|Any CPU
		{DCEDD2C7-A637-4A61-97A1-9ED5F241CB52}.Release|Any CPU.ActiveCfg = Release|Any CPU
		{DCEDD2C7-A637-4A61-97A1-9ED5F241CB52}.Release|Any CPU.Build.0 = Release|Any CPU
	EndGlobalSection
	GlobalSection(SolutionProperties) = preSolution
		HideSolutionNode = FALSE
	EndGlobalSection
	GlobalSection(ExtensibilityGlobals) = postSolution
		SolutionGuid = {DD5695E8-4151-4A82-859C-15C5FF64823D}
	EndGlobalSection
EndGlobal
